// !$*UTF8*$!
{
	archiveVersion = 1;
	classes = {
	};
	objectVersion = 50;
	objects = {

/* Begin PBXBuildFile section */
		3A97F0F23940AC608D700D33 /* Pods_line.framework in Frameworks */ = {isa = PBXBuildFile; fileRef = E56A988C7E79BFC89F73377A /* Pods_line.framework */; };
		3F01ED2F21B187380036A1DA /* AppDelegate.swift in Sources */ = {isa = PBXBuildFile; fileRef = 3F01ED2E21B187380036A1DA /* AppDelegate.swift */; };
		3F01ED3421B187380036A1DA /* Main.storyboard in Resources */ = {isa = PBXBuildFile; fileRef = 3F01ED3221B187380036A1DA /* Main.storyboard */; };
		3F01ED3621B187390036A1DA /* Assets.xcassets in Resources */ = {isa = PBXBuildFile; fileRef = 3F01ED3521B187390036A1DA /* Assets.xcassets */; };
		3F01ED3921B187390036A1DA /* LaunchScreen.storyboard in Resources */ = {isa = PBXBuildFile; fileRef = 3F01ED3721B187390036A1DA /* LaunchScreen.storyboard */; };
		3F01ED4121B187CD0036A1DA /* FriendsViewController.swift in Sources */ = {isa = PBXBuildFile; fileRef = 3F01ED4021B187CD0036A1DA /* FriendsViewController.swift */; };
		3F01ED4321B187E40036A1DA /* ChatsViewController.swift in Sources */ = {isa = PBXBuildFile; fileRef = 3F01ED4221B187E40036A1DA /* ChatsViewController.swift */; };
		3F01ED4521B18AAF0036A1DA /* ChatViewController.swift in Sources */ = {isa = PBXBuildFile; fileRef = 3F01ED4421B18AAF0036A1DA /* ChatViewController.swift */; };
		3F01ED4721B1926B0036A1DA /* ChatTableViewCell.swift in Sources */ = {isa = PBXBuildFile; fileRef = 3F01ED4621B1926B0036A1DA /* ChatTableViewCell.swift */; };
/* End PBXBuildFile section */

/* Begin PBXFileReference section */
		2C96B694497FE2BBC6A9FAAC /* Pods-line.release.xcconfig */ = {isa = PBXFileReference; includeInIndex = 1; lastKnownFileType = text.xcconfig; name = "Pods-line.release.xcconfig"; path = "Target Support Files/Pods-line/Pods-line.release.xcconfig"; sourceTree = "<group>"; };
		3F01ED2B21B187380036A1DA /* line.app */ = {isa = PBXFileReference; explicitFileType = wrapper.application; includeInIndex = 0; path = line.app; sourceTree = BUILT_PRODUCTS_DIR; };
		3F01ED2E21B187380036A1DA /* AppDelegate.swift */ = {isa = PBXFileReference; lastKnownFileType = sourcecode.swift; path = AppDelegate.swift; sourceTree = "<group>"; };
		3F01ED3321B187380036A1DA /* Base */ = {isa = PBXFileReference; lastKnownFileType = file.storyboard; name = Base; path = Base.lproj/Main.storyboard; sourceTree = "<group>"; };
		3F01ED3521B187390036A1DA /* Assets.xcassets */ = {isa = PBXFileReference; lastKnownFileType = folder.assetcatalog; path = Assets.xcassets; sourceTree = "<group>"; };
		3F01ED3821B187390036A1DA /* Base */ = {isa = PBXFileReference; lastKnownFileType = file.storyboard; name = Base; path = Base.lproj/LaunchScreen.storyboard; sourceTree = "<group>"; };
		3F01ED3A21B187390036A1DA /* Info.plist */ = {isa = PBXFileReference; lastKnownFileType = text.plist.xml; path = Info.plist; sourceTree = "<group>"; };
		3F01ED4021B187CD0036A1DA /* FriendsViewController.swift */ = {isa = PBXFileReference; lastKnownFileType = sourcecode.swift; path = FriendsViewController.swift; sourceTree = "<group>"; };
		3F01ED4221B187E40036A1DA /* ChatsViewController.swift */ = {isa = PBXFileReference; lastKnownFileType = sourcecode.swift; path = ChatsViewController.swift; sourceTree = "<group>"; };
		3F01ED4421B18AAF0036A1DA /* ChatViewController.swift */ = {isa = PBXFileReference; lastKnownFileType = sourcecode.swift; path = ChatViewController.swift; sourceTree = "<group>"; };
		3F01ED4621B1926B0036A1DA /* ChatTableViewCell.swift */ = {isa = PBXFileReference; lastKnownFileType = sourcecode.swift; path = ChatTableViewCell.swift; sourceTree = "<group>"; };
		B010079343F4DCA3A49CC6EF /* Pods-line.debug.xcconfig */ = {isa = PBXFileReference; includeInIndex = 1; lastKnownFileType = text.xcconfig; name = "Pods-line.debug.xcconfig"; path = "Target Support Files/Pods-line/Pods-line.debug.xcconfig"; sourceTree = "<group>"; };
		E56A988C7E79BFC89F73377A /* Pods_line.framework */ = {isa = PBXFileReference; explicitFileType = wrapper.framework; includeInIndex = 0; path = Pods_line.framework; sourceTree = BUILT_PRODUCTS_DIR; };
/* End PBXFileReference section */

/* Begin PBXFrameworksBuildPhase section */
		3F01ED2821B187380036A1DA /* Frameworks */ = {
			isa = PBXFrameworksBuildPhase;
			buildActionMask = 2147483647;
			files = (
				3A97F0F23940AC608D700D33 /* Pods_line.framework in Frameworks */,
			);
			runOnlyForDeploymentPostprocessing = 0;
		};
/* End PBXFrameworksBuildPhase section */

/* Begin PBXGroup section */
		3F01ED2221B187380036A1DA = {
			isa = PBXGroup;
			children = (
				3F01ED2D21B187380036A1DA /* line */,
				3F01ED2C21B187380036A1DA /* Products */,
				D67EA37DA86DAE70D5C83174 /* Pods */,
				A19B0F051AA6A97CA7556CD2 /* Frameworks */,
			);
			sourceTree = "<group>";
		};
		3F01ED2C21B187380036A1DA /* Products */ = {
			isa = PBXGroup;
			children = (
				3F01ED2B21B187380036A1DA /* line.app */,
			);
			name = Products;
			sourceTree = "<group>";
		};
		3F01ED2D21B187380036A1DA /* line */ = {
			isa = PBXGroup;
			children = (
				3F01ED2E21B187380036A1DA /* AppDelegate.swift */,
				3F01ED4021B187CD0036A1DA /* FriendsViewController.swift */,
				3F01ED4221B187E40036A1DA /* ChatsViewController.swift */,
				3F01ED4421B18AAF0036A1DA /* ChatViewController.swift */,
				3F01ED4621B1926B0036A1DA /* ChatTableViewCell.swift */,
				3F01ED3221B187380036A1DA /* Main.storyboard */,
				3F01ED3521B187390036A1DA /* Assets.xcassets */,
				3F01ED3721B187390036A1DA /* LaunchScreen.storyboard */,
				3F01ED3A21B187390036A1DA /* Info.plist */,
			);
			path = line;
			sourceTree = "<group>";
		};
		A19B0F051AA6A97CA7556CD2 /* Frameworks */ = {
			isa = PBXGroup;
			children = (
				E56A988C7E79BFC89F73377A /* Pods_line.framework */,
			);
			name = Frameworks;
			sourceTree = "<group>";
		};
		D67EA37DA86DAE70D5C83174 /* Pods */ = {
			isa = PBXGroup;
			children = (
				B010079343F4DCA3A49CC6EF /* Pods-line.debug.xcconfig */,
				2C96B694497FE2BBC6A9FAAC /* Pods-line.release.xcconfig */,
			);
			name = Pods;
			path = Pods;
			sourceTree = "<group>";
		};
/* End PBXGroup section */

/* Begin PBXNativeTarget section */
		3F01ED2A21B187380036A1DA /* line */ = {
			isa = PBXNativeTarget;
			buildConfigurationList = 3F01ED3D21B187390036A1DA /* Build configuration list for PBXNativeTarget "line" */;
			buildPhases = (
				A6AA908220BEC1947CD223EB /* [CP] Check Pods Manifest.lock */,
				3F01ED2721B187380036A1DA /* Sources */,
				3F01ED2821B187380036A1DA /* Frameworks */,
				3F01ED2921B187380036A1DA /* Resources */,
			);
			buildRules = (
			);
			dependencies = (
			);
			name = line;
			productName = line;
			productReference = 3F01ED2B21B187380036A1DA /* line.app */;
			productType = "com.apple.product-type.application";
		};
/* End PBXNativeTarget section */

/* Begin PBXProject section */
		3F01ED2321B187380036A1DA /* Project object */ = {
			isa = PBXProject;
			attributes = {
				LastSwiftUpdateCheck = 1010;
				LastUpgradeCheck = 1010;
				ORGANIZATIONNAME = Laibit;
				TargetAttributes = {
					3F01ED2A21B187380036A1DA = {
						CreatedOnToolsVersion = 10.1;
					};
				};
			};
			buildConfigurationList = 3F01ED2621B187380036A1DA /* Build configuration list for PBXProject "line" */;
			compatibilityVersion = "Xcode 9.3";
			developmentRegion = en;
			hasScannedForEncodings = 0;
			knownRegions = (
				en,
				Base,
			);
			mainGroup = 3F01ED2221B187380036A1DA;
			productRefGroup = 3F01ED2C21B187380036A1DA /* Products */;
			projectDirPath = "";
			projectRoot = "";
			targets = (
				3F01ED2A21B187380036A1DA /* line */,
			);
		};
/* End PBXProject section */

/* Begin PBXResourcesBuildPhase section */
		3F01ED2921B187380036A1DA /* Resources */ = {
			isa = PBXResourcesBuildPhase;
			buildActionMask = 2147483647;
			files = (
				3F01ED3921B187390036A1DA /* LaunchScreen.storyboard in Resources */,
				3F01ED3621B187390036A1DA /* Assets.xcassets in Resources */,
				3F01ED3421B187380036A1DA /* Main.storyboard in Resources */,
			);
			runOnlyForDeploymentPostprocessing = 0;
		};
/* End PBXResourcesBuildPhase section */

/* Begin PBXShellScriptBuildPhase section */
		A6AA908220BEC1947CD223EB /* [CP] Check Pods Manifest.lock */ = {
			isa = PBXShellScriptBuildPhase;
			buildActionMask = 2147483647;
			files = (
			);
			inputFileListPaths = (
			);
			inputPaths = (
				"${PODS_PODFILE_DIR_PATH}/Podfile.lock",
				"${PODS_ROOT}/Manifest.lock",
			);
			name = "[CP] Check Pods Manifest.lock";
			outputFileListPaths = (
			);
			outputPaths = (
				"$(DERIVED_FILE_DIR)/Pods-line-checkManifestLockResult.txt",
			);
			runOnlyForDeploymentPostprocessing = 0;
			shellPath = /bin/sh;
			shellScript = "diff \"${PODS_PODFILE_DIR_PATH}/Podfile.lock\" \"${PODS_ROOT}/Manifest.lock\" > /dev/null\nif [ $? != 0 ] ; then\n    # print error to STDERR\n    echo \"error: The sandbox is not in sync with the Podfile.lock. Run 'pod install' or update your CocoaPods installation.\" >&2\n    exit 1\nfi\n# This output is used by Xcode 'outputs' to avoid re-running this script phase.\necho \"SUCCESS\" > \"${SCRIPT_OUTPUT_FILE_0}\"\n";
			showEnvVarsInLog = 0;
		};
/* End PBXShellScriptBuildPhase section */

/* Begin PBXSourcesBuildPhase section */
		3F01ED2721B187380036A1DA /* Sources */ = {
			isa = PBXSourcesBuildPhase;
			buildActionMask = 2147483647;
			files = (
				3F01ED4121B187CD0036A1DA /* FriendsViewController.swift in Sources */,
				3F01ED4321B187E40036A1DA /* ChatsViewController.swift in Sources */,
				3F01ED4721B1926B0036A1DA /* ChatTableViewCell.swift in Sources */,
				3F01ED4521B18AAF0036A1DA /* ChatViewController.swift in Sources */,
				3F01ED2F21B187380036A1DA /* AppDelegate.swift in Sources */,
			);
			runOnlyForDeploymentPostprocessing = 0;
		};
/* End PBXSourcesBuildPhase section */

/* Begin PBXVariantGroup section */
		3F01ED3221B187380036A1DA /* Main.storyboard */ = {
			isa = PBXVariantGroup;
			children = (
				3F01ED3321B187380036A1DA /* Base */,
			);
			name = Main.storyboard;
			sourceTree = "<group>";
		};
		3F01ED3721B187390036A1DA /* LaunchScreen.storyboard */ = {
			isa = PBXVariantGroup;
			children = (
				3F01ED3821B187390036A1DA /* Base */,
			);
			name = LaunchScreen.storyboard;
			sourceTree = "<group>";
		};
/* End PBXVariantGroup section */

/* Begin XCBuildConfiguration section */
		3F01ED3B21B187390036A1DA /* Debug */ = {
			isa = XCBuildConfiguration;
			buildSettings = {
				ALWAYS_SEARCH_USER_PATHS = NO;
				CLANG_ANALYZER_NONNULL = YES;
				CLANG_ANALYZER_NUMBER_OBJECT_CONVERSION = YES_AGGRESSIVE;
				CLANG_CXX_LANGUAGE_STANDARD = "gnu++14";
				CLANG_CXX_LIBRARY = "libc++";
				CLANG_ENABLE_MODULES = YES;
				CLANG_ENABLE_OBJC_ARC = YES;
				CLANG_ENABLE_OBJC_WEAK = YES;
				CLANG_WARN_BLOCK_CAPTURE_AUTORELEASING = YES;
				CLANG_WARN_BOOL_CONVERSION = YES;
				CLANG_WARN_COMMA = YES;
				CLANG_WARN_CONSTANT_CONVERSION = YES;
				CLANG_WARN_DEPRECATED_OBJC_IMPLEMENTATIONS = YES;
				CLANG_WARN_DIRECT_OBJC_ISA_USAGE = YES_ERROR;
				CLANG_WARN_DOCUMENTATION_COMMENTS = YES;
				CLANG_WARN_EMPTY_BODY = YES;
				CLANG_WARN_ENUM_CONVERSION = YES;
				CLANG_WARN_INFINITE_RECURSION = YES;
				CLANG_WARN_INT_CONVERSION = YES;
				CLANG_WARN_NON_LITERAL_NULL_CONVERSION = YES;
				CLANG_WARN_OBJC_IMPLICIT_RETAIN_SELF = YES;
				CLANG_WARN_OBJC_LITERAL_CONVERSION = YES;
				CLANG_WARN_OBJC_ROOT_CLASS = YES_ERROR;
				CLANG_WARN_RANGE_LOOP_ANALYSIS = YES;
				CLANG_WARN_STRICT_PROTOTYPES = YES;
				CLANG_WARN_SUSPICIOUS_MOVE = YES;
				CLANG_WARN_UNGUARDED_AVAILABILITY = YES_AGGRESSIVE;
				CLANG_WARN_UNREACHABLE_CODE = YES;
				CLANG_WARN__DUPLICATE_METHOD_MATCH = YES;
				CODE_SIGN_IDENTITY = "iPhone Developer";
				COPY_PHASE_STRIP = NO;
				DEBUG_INFORMATION_FORMAT = dwarf;
				ENABLE_STRICT_OBJC_MSGSEND = YES;
				ENABLE_TESTABILITY = YES;
				GCC_C_LANGUAGE_STANDARD = gnu11;
				GCC_DYNAMIC_NO_PIC = NO;
				GCC_NO_COMMON_BLOCKS = YES;
				GCC_OPTIMIZATION_LEVEL = 0;
				GCC_PREPROCESSOR_DEFINITIONS = (
					"DEBUG=1",
					"$(inherited)",
				);
				GCC_WARN_64_TO_32_BIT_CONVERSION = YES;
				GCC_WARN_ABOUT_RETURN_TYPE = YES_ERROR;
				GCC_WARN_UNDECLARED_SELECTOR = YES;
				GCC_WARN_UNINITIALIZED_AUTOS = YES_AGGRESSIVE;
				GCC_WARN_UNUSED_FUNCTION = YES;
				GCC_WARN_UNUSED_VARIABLE = YES;
				IPHONEOS_DEPLOYMENT_TARGET = 12.1;
				MTL_ENABLE_DEBUG_INFO = INCLUDE_SOURCE;
				MTL_FAST_MATH = YES;
				ONLY_ACTIVE_ARCH = YES;
				SDKROOT = iphoneos;
				SWIFT_ACTIVE_COMPILATION_CONDITIONS = DEBUG;
				SWIFT_OPTIMIZATION_LEVEL = "-Onone";
			};
			name = Debug;
		};
		3F01ED3C21B187390036A1DA /* Release */ = {
			isa = XCBuildConfiguration;
			buildSettings = {
				ALWAYS_SEARCH_USER_PATHS = NO;
				CLANG_ANALYZER_NONNULL = YES;
				CLANG_ANALYZER_NUMBER_OBJECT_CONVERSION = YES_AGGRESSIVE;
				CLANG_CXX_LANGUAGE_STANDARD = "gnu++14";
				CLANG_CXX_LIBRARY = "libc++";
				CLANG_ENABLE_MODULES = YES;
				CLANG_ENABLE_OBJC_ARC = YES;
				CLANG_ENABLE_OBJC_WEAK = YES;
				CLANG_WARN_BLOCK_CAPTURE_AUTORELEASING = YES;
				CLANG_WARN_BOOL_CONVERSION = YES;
				CLANG_WARN_COMMA = YES;
				CLANG_WARN_CONSTANT_CONVERSION = YES;
				CLANG_WARN_DEPRECATED_OBJC_IMPLEMENTATIONS = YES;
				CLANG_WARN_DIRECT_OBJC_ISA_USAGE = YES_ERROR;
				CLANG_WARN_DOCUMENTATION_COMMENTS = YES;
				CLANG_WARN_EMPTY_BODY = YES;
				CLANG_WARN_ENUM_CONVERSION = YES;
				CLANG_WARN_INFINITE_RECURSION = YES;
				CLANG_WARN_INT_CONVERSION = YES;
				CLANG_WARN_NON_LITERAL_NULL_CONVERSION = YES;
				CLANG_WARN_OBJC_IMPLICIT_RETAIN_SELF = YES;
				CLANG_WARN_OBJC_LITERAL_CONVERSION = YES;
				CLANG_WARN_OBJC_ROOT_CLASS = YES_ERROR;
				CLANG_WARN_RANGE_LOOP_ANALYSIS = YES;
				CLANG_WARN_STRICT_PROTOTYPES = YES;
				CLANG_WARN_SUSPICIOUS_MOVE = YES;
				CLANG_WARN_UNGUARDED_AVAILABILITY = YES_AGGRESSIVE;
				CLANG_WARN_UNREACHABLE_CODE = YES;
				CLANG_WARN__DUPLICATE_METHOD_MATCH = YES;
				CODE_SIGN_IDENTITY = "iPhone Developer";
				COPY_PHASE_STRIP = NO;
				DEBUG_INFORMATION_FORMAT = "dwarf-with-dsym";
				ENABLE_NS_ASSERTIONS = NO;
				ENABLE_STRICT_OBJC_MSGSEND = YES;
				GCC_C_LANGUAGE_STANDARD = gnu11;
				GCC_NO_COMMON_BLOCKS = YES;
				GCC_WARN_64_TO_32_BIT_CONVERSION = YES;
				GCC_WARN_ABOUT_RETURN_TYPE = YES_ERROR;
				GCC_WARN_UNDECLARED_SELECTOR = YES;
				GCC_WARN_UNINITIALIZED_AUTOS = YES_AGGRESSIVE;
				GCC_WARN_UNUSED_FUNCTION = YES;
				GCC_WARN_UNUSED_VARIABLE = YES;
				IPHONEOS_DEPLOYMENT_TARGET = 12.1;
				MTL_ENABLE_DEBUG_INFO = NO;
				MTL_FAST_MATH = YES;
				SDKROOT = iphoneos;
				SWIFT_COMPILATION_MODE = wholemodule;
				SWIFT_OPTIMIZATION_LEVEL = "-O";
				VALIDATE_PRODUCT = YES;
			};
			name = Release;
		};
		3F01ED3E21B187390036A1DA /* Debug */ = {
			isa = XCBuildConfiguration;
			baseConfigurationReference = B010079343F4DCA3A49CC6EF /* Pods-line.debug.xcconfig */;
			buildSettings = {
				ASSETCATALOG_COMPILER_APPICON_NAME = AppIcon;
				CODE_SIGN_STYLE = Automatic;
				DEVELOPMENT_TEAM = QRP2NT8BR4;
				INFOPLIST_FILE = line/Info.plist;
				LD_RUNPATH_SEARCH_PATHS = (
					"$(inherited)",
					"@executable_path/Frameworks",
				);
				PRODUCT_BUNDLE_IDENTIFIER = com.laibit.line;
				PRODUCT_NAME = "$(TARGET_NAME)";
				SWIFT_VERSION = 4.2;
				TARGETED_DEVICE_FAMILY = "1,2";
			};
			name = Debug;
		};
		3F01ED3F21B187390036A1DA /* Release */ = {
			isa = XCBuildConfiguration;
			baseConfigurationReference = 2C96B694497FE2BBC6A9FAAC /* Pods-line.release.xcconfig */;
			buildSettings = {
				ASSETCATALOG_COMPILER_APPICON_NAME = AppIcon;
				CODE_SIGN_STYLE = Automatic;
				DEVELOPMENT_TEAM = QRP2NT8BR4;
				INFOPLIST_FILE = line/Info.plist;
				LD_RUNPATH_SEARCH_PATHS = (
					"$(inherited)",
					"@executable_path/Frameworks",
				);
				PRODUCT_BUNDLE_IDENTIFIER = com.laibit.line;
				PRODUCT_NAME = "$(TARGET_NAME)";
				SWIFT_VERSION = 4.2;
				TARGETED_DEVICE_FAMILY = "1,2";
			};
			name = Release;
		};
/* End XCBuildConfiguration section */

/* Begin XCConfigurationList section */
		3F01ED2621B187380036A1DA /* Build configuration list for PBXProject "line" */ = {
			isa = XCConfigurationList;
			buildConfigurations = (
				3F01ED3B21B187390036A1DA /* Debug */,
				3F01ED3C21B187390036A1DA /* Release */,
			);
			defaultConfigurationIsVisible = 0;
			defaultConfigurationName = Release;
		};
		3F01ED3D21B187390036A1DA /* Build configuration list for PBXNativeTarget "line" */ = {
			isa = XCConfigurationList;
			buildConfigurations = (
				3F01ED3E21B187390036A1DA /* Debug */,
				3F01ED3F21B187390036A1DA /* Release */,
			);
			defaultConfigurationIsVisible = 0;
			defaultConfigurationName = Release;
		};
/* End XCConfigurationList section */
	};
	rootObject = 3F01ED2321B187380036A1DA /* Project object */;
}
